
Microsoft Visual Studio Solution File, Format Version 12.00
# Visual Studio Version 16
VisualStudioVersion = 16.0.30011.22
MinimumVisualStudioVersion = 10.0.40219.1
Project("{FAE04EC0-301F-11D3-BF4B-00C04F79EFBC}") = "#13 Simple New High Breakout - B", "#13 Simple New High Breakout - B\#13 Simple New High Breakout - B.csproj", "{ac6f925d-26da-475c-b4fe-50c5808643b0}"
EndProject
Global
	GlobalSection(SolutionConfigurationPlatforms) = preSolution
		Debug|Any CPU = Debug|Any CPU
		Release|Any CPU = Release|Any CPU
	EndGlobalSection
	GlobalSection(ProjectConfigurationPlatforms) = postSolution
		{ac6f925d-26da-475c-b4fe-50c5808643b0}.Debug|Any CPU.ActiveCfg = Debug|Any CPU
		{ac6f925d-26da-475c-b4fe-50c5808643b0}.Debug|Any CPU.Build.0 = Debug|Any CPU
		{ac6f925d-26da-475c-b4fe-50c5808643b0}.Release|Any CPU.ActiveCfg = Release|Any CPU
		{ac6f925d-26da-475c-b4fe-50c5808643b0}.Release|Any CPU.Build.0 = Release|Any CPU
	EndGlobalSection
	GlobalSection(SolutionProperties) = preSolution
		HideSolutionNode = FALSE
	EndGlobalSection
EndGlobal
